
Microsoft Visual Studio Solution File, Format Version 12.00
# Visual Studio Version 17
VisualStudioVersion = 17.1.32407.343
MinimumVisualStudioVersion = 10.0.40219.1
Project("{FAE04EC0-301F-11D3-BF4B-00C04F79EFBC}") = "Initialize_and_Open", "Initialize_and_Open\Initialize_and_Open.csproj", "{B11D1083-B84F-4CD0-B85C-3B30849FF853}"
EndProject
Global
	GlobalSection(SolutionConfigurationPlatforms) = preSolution
		Debug|Any CPU = Debug|Any CPU
		Release|Any CPU = Release|Any CPU
	EndGlobalSection
	GlobalSection(ProjectConfigurationPlatforms) = postSolution
		{B11D1083-B84F-4CD0-B85C-3B30849FF853}.Debug|Any CPU.ActiveCfg = Debug|Any CPU
		{B11D1083-B84F-4CD0-B85C-3B30849FF853}.Debug|Any CPU.Build.0 = Debug|Any CPU
		{B11D1083-B84F-4CD0-B85C-3B30849FF853}.Release|Any CPU.ActiveCfg = Release|Any CPU
		{B11D1083-B84F-4CD0-B85C-3B30849FF853}.Release|Any CPU.Build.0 = Release|Any CPU
	EndGlobalSection
	GlobalSection(SolutionProperties) = preSolution
		HideSolutionNode = FALSE
	EndGlobalSection
	GlobalSection(ExtensibilityGlobals) = postSolution
		SolutionGuid = {5BA0EF7D-2A58-4DDE-959B-1C380A96783A}
	EndGlobalSection
EndGlobal
